{
    "_readme": [
        "This file locks the dependencies of your project to a known state",
        "Read more about it at https://getcomposer.org/doc/01-basic-usage.md#installing-dependencies",
        "This file is @generated automatically"
    ],
    "content-hash": "914b974ddfd380632f0cb57220ddc8f4",
    "packages": [
        {
            "name": "encryptorcode/php-http-client",
            "version": "v1.0.0",
            "source": {
                "type": "git",
                "url": "https://github.com/encryptorcode/php-http-client.git",
                "reference": "02cfc34e2de1c80b68e05c74aedd9af3a5de04ec"
            },
            "dist": {
                "type": "zip",
                "url": "https://api.github.com/repos/encryptorcode/php-http-client/zipball/02cfc34e2de1c80b68e05c74aedd9af3a5de04ec",
                "reference": "02cfc34e2de1c80b68e05c74aedd9af3a5de04ec",
                "shasum": ""
            },
            "type": "library",
            "autoload": {
                "psr-4": {
                    "encryptorcode\\httpclient\\": "src/"
                }
            },
            "notification-url": "https://packagist.org/downloads/",
            "license": [
                "MIT"
            ],
            "authors": [
                {
                    "name": "Abhay Jatin Doshi",
                    "email": "ajd1996@hotmail.com"
                }
            ],
            "description": "Yet another http client made to support fluent interface for all REST APIs...",
            "time": "2019-05-04T18:25:02+00:00"
        },
        {
            "name": "encryptorcode/php-server-utils",
            "version": "v1.0.1",
            "source": {
                "type": "git",
                "url": "https://github.com/encryptorcode/php-server-utils.git",
                "reference": "e8689806a5c624b2dbfb822f64ea3855053f5aca"
            },
            "dist": {
                "type": "zip",
                "url": "https://api.github.com/repos/encryptorcode/php-server-utils/zipball/e8689806a5c624b2dbfb822f64ea3855053f5aca",
                "reference": "e8689806a5c624b2dbfb822f64ea3855053f5aca",
                "shasum": ""
            },
            "type": "library",
            "autoload": {
                "psr-4": {
                    "encryptorcode\\server\\": "src/"
                }
            },
            "notification-url": "https://packagist.org/downloads/",
            "license": [
                "MIT"
            ],
            "authors": [
                {
                    "name": "Abhay Jatin Doshi",
                    "email": "ajd1996@hotmail.com"
                }
            ],
            "description": "A bunch of classes used for handling requests and response seamlessly...",
            "time": "2019-09-08T12:30:55+00:00"
        }
    ],
    "packages-dev": [],
    "aliases": [],
    "minimum-stability": "stable",
    "stability-flags": [],
    "prefer-stable": false,
    "prefer-lowest": false,
    "platform": [],
    "platform-dev": []
}
